// !$*UTF8*$!
{
	archiveVersion = 1;
	classes = {
	};
	objectVersion = 56;
	objects = {

/* Begin PBXBuildFile section */
		F2871AE1293FDB5600840650 /* AppDelegate.swift in Sources */ = {isa = PBXBuildFile; fileRef = F2871AE0293FDB5600840650 /* AppDelegate.swift */; };
		F2871AEA293FDB5700840650 /* Assets.xcassets in Resources */ = {isa = PBXBuildFile; fileRef = F2871AE9293FDB5700840650 /* Assets.xcassets */; };
		F2871AED293FDB5700840650 /* LaunchScreen.storyboard in Resources */ = {isa = PBXBuildFile; fileRef = F2871AEB293FDB5700840650 /* LaunchScreen.storyboard */; };
		F2871AFC293FDC2F00840650 /* HomePresenter.swift in Sources */ = {isa = PBXBuildFile; fileRef = F2871AF6293FDC2F00840650 /* HomePresenter.swift */; };
		F2871AFD293FDC2F00840650 /* HomeRouter.swift in Sources */ = {isa = PBXBuildFile; fileRef = F2871AF7293FDC2F00840650 /* HomeRouter.swift */; };
		F2871AFE293FDC2F00840650 /* HomeInteractor.swift in Sources */ = {isa = PBXBuildFile; fileRef = F2871AF8293FDC2F00840650 /* HomeInteractor.swift */; };
		F2871AFF293FDC2F00840650 /* HomeProtocol.swift in Sources */ = {isa = PBXBuildFile; fileRef = F2871AF9293FDC2F00840650 /* HomeProtocol.swift */; };
		F2871B00293FDC2F00840650 /* HomeVC.swift in Sources */ = {isa = PBXBuildFile; fileRef = F2871AFA293FDC2F00840650 /* HomeVC.swift */; };
		F2871B03293FDDEF00840650 /* HomeEntity.swift in Sources */ = {isa = PBXBuildFile; fileRef = F2871B02293FDDEF00840650 /* HomeEntity.swift */; };
/* End PBXBuildFile section */

/* Begin PBXFileReference section */
		F2871ADD293FDB5600840650 /* TestBanregio.app */ = {isa = PBXFileReference; explicitFileType = wrapper.application; includeInIndex = 0; path = TestBanregio.app; sourceTree = BUILT_PRODUCTS_DIR; };
		F2871AE0293FDB5600840650 /* AppDelegate.swift */ = {isa = PBXFileReference; lastKnownFileType = sourcecode.swift; path = AppDelegate.swift; sourceTree = "<group>"; };
		F2871AE9293FDB5700840650 /* Assets.xcassets */ = {isa = PBXFileReference; lastKnownFileType = folder.assetcatalog; path = Assets.xcassets; sourceTree = "<group>"; };
		F2871AEC293FDB5700840650 /* Base */ = {isa = PBXFileReference; lastKnownFileType = file.storyboard; name = Base; path = Base.lproj/LaunchScreen.storyboard; sourceTree = "<group>"; };
		F2871AEE293FDB5700840650 /* Info.plist */ = {isa = PBXFileReference; lastKnownFileType = text.plist.xml; path = Info.plist; sourceTree = "<group>"; };
		F2871AF6293FDC2F00840650 /* HomePresenter.swift */ = {isa = PBXFileReference; lastKnownFileType = sourcecode.swift; path = HomePresenter.swift; sourceTree = "<group>"; };
		F2871AF7293FDC2F00840650 /* HomeRouter.swift */ = {isa = PBXFileReference; lastKnownFileType = sourcecode.swift; path = HomeRouter.swift; sourceTree = "<group>"; };
		F2871AF8293FDC2F00840650 /* HomeInteractor.swift */ = {isa = PBXFileReference; lastKnownFileType = sourcecode.swift; path = HomeInteractor.swift; sourceTree = "<group>"; };
		F2871AF9293FDC2F00840650 /* HomeProtocol.swift */ = {isa = PBXFileReference; lastKnownFileType = sourcecode.swift; path = HomeProtocol.swift; sourceTree = "<group>"; };
		F2871AFA293FDC2F00840650 /* HomeVC.swift */ = {isa = PBXFileReference; lastKnownFileType = sourcecode.swift; path = HomeVC.swift; sourceTree = "<group>"; };
		F2871B02293FDDEF00840650 /* HomeEntity.swift */ = {isa = PBXFileReference; lastKnownFileType = sourcecode.swift; path = HomeEntity.swift; sourceTree = "<group>"; };
/* End PBXFileReference section */

/* Begin PBXFrameworksBuildPhase section */
		F2871ADA293FDB5600840650 /* Frameworks */ = {
			isa = PBXFrameworksBuildPhase;
			buildActionMask = 2147483647;
			files = (
			);
			runOnlyForDeploymentPostprocessing = 0;
		};
/* End PBXFrameworksBuildPhase section */

/* Begin PBXGroup section */
		F2871AD4293FDB5600840650 = {
			isa = PBXGroup;
			children = (
				F2871ADF293FDB5600840650 /* TestBanregio */,
				F2871ADE293FDB5600840650 /* Products */,
			);
			sourceTree = "<group>";
		};
		F2871ADE293FDB5600840650 /* Products */ = {
			isa = PBXGroup;
			children = (
				F2871ADD293FDB5600840650 /* TestBanregio.app */,
			);
			name = Products;
			sourceTree = "<group>";
		};
		F2871ADF293FDB5600840650 /* TestBanregio */ = {
			isa = PBXGroup;
			children = (
				F2871AE0293FDB5600840650 /* AppDelegate.swift */,
				F2871AF4293FDB6F00840650 /* Feature */,
				F2871AE9293FDB5700840650 /* Assets.xcassets */,
				F2871AEB293FDB5700840650 /* LaunchScreen.storyboard */,
				F2871AEE293FDB5700840650 /* Info.plist */,
			);
			path = TestBanregio;
			sourceTree = "<group>";
		};
		F2871AF4293FDB6F00840650 /* Feature */ = {
			isa = PBXGroup;
			children = (
				F2871B01293FDC3400840650 /* Home */,
			);
			path = Feature;
			sourceTree = "<group>";
		};
		F2871B01293FDC3400840650 /* Home */ = {
			isa = PBXGroup;
			children = (
				F2871AF6293FDC2F00840650 /* HomePresenter.swift */,
				F2871B02293FDDEF00840650 /* HomeEntity.swift */,
				F2871AF7293FDC2F00840650 /* HomeRouter.swift */,
				F2871AF8293FDC2F00840650 /* HomeInteractor.swift */,
				F2871AF9293FDC2F00840650 /* HomeProtocol.swift */,
				F2871AFA293FDC2F00840650 /* HomeVC.swift */,
			);
			path = Home;
			sourceTree = "<group>";
		};
/* End PBXGroup section */

/* Begin PBXNativeTarget section */
		F2871ADC293FDB5600840650 /* TestBanregio */ = {
			isa = PBXNativeTarget;
			buildConfigurationList = F2871AF1293FDB5700840650 /* Build configuration list for PBXNativeTarget "TestBanregio" */;
			buildPhases = (
				F2871AD9293FDB5600840650 /* Sources */,
				F2871ADA293FDB5600840650 /* Frameworks */,
				F2871ADB293FDB5600840650 /* Resources */,
			);
			buildRules = (
			);
			dependencies = (
			);
			name = TestBanregio;
			productName = TestBanregio;
			productReference = F2871ADD293FDB5600840650 /* TestBanregio.app */;
			productType = "com.apple.product-type.application";
		};
/* End PBXNativeTarget section */

/* Begin PBXProject section */
		F2871AD5293FDB5600840650 /* Project object */ = {
			isa = PBXProject;
			attributes = {
				BuildIndependentTargetsInParallel = 1;
				LastSwiftUpdateCheck = 1410;
				LastUpgradeCheck = 1410;
				TargetAttributes = {
					F2871ADC293FDB5600840650 = {
						CreatedOnToolsVersion = 14.1;
					};
				};
			};
			buildConfigurationList = F2871AD8293FDB5600840650 /* Build configuration list for PBXProject "TestBanregio" */;
			compatibilityVersion = "Xcode 14.0";
			developmentRegion = en;
			hasScannedForEncodings = 0;
			knownRegions = (
				en,
				Base,
			);
			mainGroup = F2871AD4293FDB5600840650;
			productRefGroup = F2871ADE293FDB5600840650 /* Products */;
			projectDirPath = "";
			projectRoot = "";
			targets = (
				F2871ADC293FDB5600840650 /* TestBanregio */,
			);
		};
/* End PBXProject section */

/* Begin PBXResourcesBuildPhase section */
		F2871ADB293FDB5600840650 /* Resources */ = {
			isa = PBXResourcesBuildPhase;
			buildActionMask = 2147483647;
			files = (
				F2871AED293FDB5700840650 /* LaunchScreen.storyboard in Resources */,
				F2871AEA293FDB5700840650 /* Assets.xcassets in Resources */,
			);
			runOnlyForDeploymentPostprocessing = 0;
		};
/* End PBXResourcesBuildPhase section */

/* Begin PBXSourcesBuildPhase section */
		F2871AD9293FDB5600840650 /* Sources */ = {
			isa = PBXSourcesBuildPhase;
			buildActionMask = 2147483647;
			files = (
				F2871AE1293FDB5600840650 /* AppDelegate.swift in Sources */,
				F2871AFD293FDC2F00840650 /* HomeRouter.swift in Sources */,
				F2871B03293FDDEF00840650 /* HomeEntity.swift in Sources */,
				F2871AFC293FDC2F00840650 /* HomePresenter.swift in Sources */,
				F2871B00293FDC2F00840650 /* HomeVC.swift in Sources */,
				F2871AFE293FDC2F00840650 /* HomeInteractor.swift in Sources */,
				F2871AFF293FDC2F00840650 /* HomeProtocol.swift in Sources */,
			);
			runOnlyForDeploymentPostprocessing = 0;
		};
/* End PBXSourcesBuildPhase section */

/* Begin PBXVariantGroup section */
		F2871AEB293FDB5700840650 /* LaunchScreen.storyboard */ = {
			isa = PBXVariantGroup;
			children = (
				F2871AEC293FDB5700840650 /* Base */,
			);
			name = LaunchScreen.storyboard;
			sourceTree = "<group>";
		};
/* End PBXVariantGroup section */

/* Begin XCBuildConfiguration section */
		F2871AEF293FDB5700840650 /* Debug */ = {
			isa = XCBuildConfiguration;
			buildSettings = {
				ALWAYS_SEARCH_USER_PATHS = NO;
				CLANG_ANALYZER_NONNULL = YES;
				CLANG_ANALYZER_NUMBER_OBJECT_CONVERSION = YES_AGGRESSIVE;
				CLANG_CXX_LANGUAGE_STANDARD = "gnu++20";
				CLANG_ENABLE_MODULES = YES;
				CLANG_ENABLE_OBJC_ARC = YES;
				CLANG_ENABLE_OBJC_WEAK = YES;
				CLANG_WARN_BLOCK_CAPTURE_AUTORELEASING = YES;
				CLANG_WARN_BOOL_CONVERSION = YES;
				CLANG_WARN_COMMA = YES;
				CLANG_WARN_CONSTANT_CONVERSION = YES;
				CLANG_WARN_DEPRECATED_OBJC_IMPLEMENTATIONS = YES;
				CLANG_WARN_DIRECT_OBJC_ISA_USAGE = YES_ERROR;
				CLANG_WARN_DOCUMENTATION_COMMENTS = YES;
				CLANG_WARN_EMPTY_BODY = YES;
				CLANG_WARN_ENUM_CONVERSION = YES;
				CLANG_WARN_INFINITE_RECURSION = YES;
				CLANG_WARN_INT_CONVERSION = YES;
				CLANG_WARN_NON_LITERAL_NULL_CONVERSION = YES;
				CLANG_WARN_OBJC_IMPLICIT_RETAIN_SELF = YES;
				CLANG_WARN_OBJC_LITERAL_CONVERSION = YES;
				CLANG_WARN_OBJC_ROOT_CLASS = YES_ERROR;
				CLANG_WARN_QUOTED_INCLUDE_IN_FRAMEWORK_HEADER = YES;
				CLANG_WARN_RANGE_LOOP_ANALYSIS = YES;
				CLANG_WARN_STRICT_PROTOTYPES = YES;
				CLANG_WARN_SUSPICIOUS_MOVE = YES;
				CLANG_WARN_UNGUARDED_AVAILABILITY = YES_AGGRESSIVE;
				CLANG_WARN_UNREACHABLE_CODE = YES;
				CLANG_WARN__DUPLICATE_METHOD_MATCH = YES;
				COPY_PHASE_STRIP = NO;
				DEBUG_INFORMATION_FORMAT = dwarf;
				ENABLE_STRICT_OBJC_MSGSEND = YES;
				ENABLE_TESTABILITY = YES;
				GCC_C_LANGUAGE_STANDARD = gnu11;
				GCC_DYNAMIC_NO_PIC = NO;
				GCC_NO_COMMON_BLOCKS = YES;
				GCC_OPTIMIZATION_LEVEL = 0;
				GCC_PREPROCESSOR_DEFINITIONS = (
					"DEBUG=1",
					"$(inherited)",
				);
				GCC_WARN_64_TO_32_BIT_CONVERSION = YES;
				GCC_WARN_ABOUT_RETURN_TYPE = YES_ERROR;
				GCC_WARN_UNDECLARED_SELECTOR = YES;
				GCC_WARN_UNINITIALIZED_AUTOS = YES_AGGRESSIVE;
				GCC_WARN_UNUSED_FUNCTION = YES;
				GCC_WARN_UNUSED_VARIABLE = YES;
				IPHONEOS_DEPLOYMENT_TARGET = 16.1;
				MTL_ENABLE_DEBUG_INFO = INCLUDE_SOURCE;
				MTL_FAST_MATH = YES;
				ONLY_ACTIVE_ARCH = YES;
				SDKROOT = iphoneos;
				SWIFT_ACTIVE_COMPILATION_CONDITIONS = DEBUG;
				SWIFT_OPTIMIZATION_LEVEL = "-Onone";
			};
			name = Debug;
		};
		F2871AF0293FDB5700840650 /* Release */ = {
			isa = XCBuildConfiguration;
			buildSettings = {
				ALWAYS_SEARCH_USER_PATHS = NO;
				CLANG_ANALYZER_NONNULL = YES;
				CLANG_ANALYZER_NUMBER_OBJECT_CONVERSION = YES_AGGRESSIVE;
				CLANG_CXX_LANGUAGE_STANDARD = "gnu++20";
				CLANG_ENABLE_MODULES = YES;
				CLANG_ENABLE_OBJC_ARC = YES;
				CLANG_ENABLE_OBJC_WEAK = YES;
				CLANG_WARN_BLOCK_CAPTURE_AUTORELEASING = YES;
				CLANG_WARN_BOOL_CONVERSION = YES;
				CLANG_WARN_COMMA = YES;
				CLANG_WARN_CONSTANT_CONVERSION = YES;
				CLANG_WARN_DEPRECATED_OBJC_IMPLEMENTATIONS = YES;
				CLANG_WARN_DIRECT_OBJC_ISA_USAGE = YES_ERROR;
				CLANG_WARN_DOCUMENTATION_COMMENTS = YES;
				CLANG_WARN_EMPTY_BODY = YES;
				CLANG_WARN_ENUM_CONVERSION = YES;
				CLANG_WARN_INFINITE_RECURSION = YES;
				CLANG_WARN_INT_CONVERSION = YES;
				CLANG_WARN_NON_LITERAL_NULL_CONVERSION = YES;
				CLANG_WARN_OBJC_IMPLICIT_RETAIN_SELF = YES;
				CLANG_WARN_OBJC_LITERAL_CONVERSION = YES;
				CLANG_WARN_OBJC_ROOT_CLASS = YES_ERROR;
				CLANG_WARN_QUOTED_INCLUDE_IN_FRAMEWORK_HEADER = YES;
				CLANG_WARN_RANGE_LOOP_ANALYSIS = YES;
				CLANG_WARN_STRICT_PROTOTYPES = YES;
				CLANG_WARN_SUSPICIOUS_MOVE = YES;
				CLANG_WARN_UNGUARDED_AVAILABILITY = YES_AGGRESSIVE;
				CLANG_WARN_UNREACHABLE_CODE = YES;
				CLANG_WARN__DUPLICATE_METHOD_MATCH = YES;
				COPY_PHASE_STRIP = NO;
				DEBUG_INFORMATION_FORMAT = "dwarf-with-dsym";
				ENABLE_NS_ASSERTIONS = NO;
				ENABLE_STRICT_OBJC_MSGSEND = YES;
				GCC_C_LANGUAGE_STANDARD = gnu11;
				GCC_NO_COMMON_BLOCKS = YES;
				GCC_WARN_64_TO_32_BIT_CONVERSION = YES;
				GCC_WARN_ABOUT_RETURN_TYPE = YES_ERROR;
				GCC_WARN_UNDECLARED_SELECTOR = YES;
				GCC_WARN_UNINITIALIZED_AUTOS = YES_AGGRESSIVE;
				GCC_WARN_UNUSED_FUNCTION = YES;
				GCC_WARN_UNUSED_VARIABLE = YES;
				IPHONEOS_DEPLOYMENT_TARGET = 16.1;
				MTL_ENABLE_DEBUG_INFO = NO;
				MTL_FAST_MATH = YES;
				SDKROOT = iphoneos;
				SWIFT_COMPILATION_MODE = wholemodule;
				SWIFT_OPTIMIZATION_LEVEL = "-O";
				VALIDATE_PRODUCT = YES;
			};
			name = Release;
		};
		F2871AF2293FDB5700840650 /* Debug */ = {
			isa = XCBuildConfiguration;
			buildSettings = {
				ASSETCATALOG_COMPILER_APPICON_NAME = AppIcon;
				ASSETCATALOG_COMPILER_GLOBAL_ACCENT_COLOR_NAME = AccentColor;
				CODE_SIGN_STYLE = Automatic;
				CURRENT_PROJECT_VERSION = 1;
				DEVELOPMENT_TEAM = MC2W678MVZ;
				GENERATE_INFOPLIST_FILE = YES;
				INFOPLIST_FILE = TestBanregio/Info.plist;
				INFOPLIST_KEY_UIApplicationSupportsIndirectInputEvents = YES;
				INFOPLIST_KEY_UILaunchStoryboardName = LaunchScreen;
				INFOPLIST_KEY_UIMainStoryboardFile = "";
				INFOPLIST_KEY_UISupportedInterfaceOrientations_iPad = "UIInterfaceOrientationPortrait UIInterfaceOrientationPortraitUpsideDown UIInterfaceOrientationLandscapeLeft UIInterfaceOrientationLandscapeRight";
				INFOPLIST_KEY_UISupportedInterfaceOrientations_iPhone = "UIInterfaceOrientationPortrait UIInterfaceOrientationLandscapeLeft UIInterfaceOrientationLandscapeRight";
				LD_RUNPATH_SEARCH_PATHS = (
					"$(inherited)",
					"@executable_path/Frameworks",
				);
				MARKETING_VERSION = 1.0;
				PRODUCT_BUNDLE_IDENTIFIER = com.nut.TestBanregio;
				PRODUCT_NAME = "$(TARGET_NAME)";
				SWIFT_EMIT_LOC_STRINGS = YES;
				SWIFT_VERSION = 5.0;
				TARGETED_DEVICE_FAMILY = "1,2";
			};
			name = Debug;
		};
		F2871AF3293FDB5700840650 /* Release */ = {
			isa = XCBuildConfiguration;
			buildSettings = {
				ASSETCATALOG_COMPILER_APPICON_NAME = AppIcon;
				ASSETCATALOG_COMPILER_GLOBAL_ACCENT_COLOR_NAME = AccentColor;
				CODE_SIGN_STYLE = Automatic;
				CURRENT_PROJECT_VERSION = 1;
				DEVELOPMENT_TEAM = MC2W678MVZ;
				GENERATE_INFOPLIST_FILE = YES;
				INFOPLIST_FILE = TestBanregio/Info.plist;
				INFOPLIST_KEY_UIApplicationSupportsIndirectInputEvents = YES;
				INFOPLIST_KEY_UILaunchStoryboardName = LaunchScreen;
				INFOPLIST_KEY_UIMainStoryboardFile = "";
				INFOPLIST_KEY_UISupportedInterfaceOrientations_iPad = "UIInterfaceOrientationPortrait UIInterfaceOrientationPortraitUpsideDown UIInterfaceOrientationLandscapeLeft UIInterfaceOrientationLandscapeRight";
				INFOPLIST_KEY_UISupportedInterfaceOrientations_iPhone = "UIInterfaceOrientationPortrait UIInterfaceOrientationLandscapeLeft UIInterfaceOrientationLandscapeRight";
				LD_RUNPATH_SEARCH_PATHS = (
					"$(inherited)",
					"@executable_path/Frameworks",
				);
				MARKETING_VERSION = 1.0;
				PRODUCT_BUNDLE_IDENTIFIER = com.nut.TestBanregio;
				PRODUCT_NAME = "$(TARGET_NAME)";
				SWIFT_EMIT_LOC_STRINGS = YES;
				SWIFT_VERSION = 5.0;
				TARGETED_DEVICE_FAMILY = "1,2";
			};
			name = Release;
		};
/* End XCBuildConfiguration section */

/* Begin XCConfigurationList section */
		F2871AD8293FDB5600840650 /* Build configuration list for PBXProject "TestBanregio" */ = {
			isa = XCConfigurationList;
			buildConfigurations = (
				F2871AEF293FDB5700840650 /* Debug */,
				F2871AF0293FDB5700840650 /* Release */,
			);
			defaultConfigurationIsVisible = 0;
			defaultConfigurationName = Release;
		};
		F2871AF1293FDB5700840650 /* Build configuration list for PBXNativeTarget "TestBanregio" */ = {
			isa = XCConfigurationList;
			buildConfigurations = (
				F2871AF2293FDB5700840650 /* Debug */,
				F2871AF3293FDB5700840650 /* Release */,
			);
			defaultConfigurationIsVisible = 0;
			defaultConfigurationName = Release;
		};
/* End XCConfigurationList section */
	};
	rootObject = F2871AD5293FDB5600840650 /* Project object */;
}
